// !$*UTF8*$!
{
	archiveVersion = 1;
	classes = {
	};
	objectVersion = 50;
	objects = {

/* Begin PBXBuildFile section */
		CAEF677022E835BC003901A6 /* AppDelegate.swift in Sources */ = {isa = PBXBuildFile; fileRef = CAEF676F22E835BC003901A6 /* AppDelegate.swift */; };
		CAEF677222E835BC003901A6 /* ViewController.swift in Sources */ = {isa = PBXBuildFile; fileRef = CAEF677122E835BC003901A6 /* ViewController.swift */; };
		CAEF677522E835BC003901A6 /* Main.storyboard in Resources */ = {isa = PBXBuildFile; fileRef = CAEF677322E835BC003901A6 /* Main.storyboard */; };
		CAEF677722E835BD003901A6 /* Assets.xcassets in Resources */ = {isa = PBXBuildFile; fileRef = CAEF677622E835BD003901A6 /* Assets.xcassets */; };
		CAEF677A22E835BD003901A6 /* LaunchScreen.storyboard in Resources */ = {isa = PBXBuildFile; fileRef = CAEF677822E835BD003901A6 /* LaunchScreen.storyboard */; };
		CAEF678522E835BD003901A6 /* AlertProjectTests.swift in Sources */ = {isa = PBXBuildFile; fileRef = CAEF678422E835BD003901A6 /* AlertProjectTests.swift */; };
		CAEF679022E835BD003901A6 /* AlertProjectUITests.swift in Sources */ = {isa = PBXBuildFile; fileRef = CAEF678F22E835BD003901A6 /* AlertProjectUITests.swift */; };
/* End PBXBuildFile section */

/* Begin PBXContainerItemProxy section */
		CAEF678122E835BD003901A6 /* PBXContainerItemProxy */ = {
			isa = PBXContainerItemProxy;
			containerPortal = CAEF676422E835BC003901A6 /* Project object */;
			proxyType = 1;
			remoteGlobalIDString = CAEF676B22E835BC003901A6;
			remoteInfo = AlertProject;
		};
		CAEF678C22E835BD003901A6 /* PBXContainerItemProxy */ = {
			isa = PBXContainerItemProxy;
			containerPortal = CAEF676422E835BC003901A6 /* Project object */;
			proxyType = 1;
			remoteGlobalIDString = CAEF676B22E835BC003901A6;
			remoteInfo = AlertProject;
		};
/* End PBXContainerItemProxy section */

/* Begin PBXFileReference section */
		CAEF676C22E835BC003901A6 /* AlertProject.app */ = {isa = PBXFileReference; explicitFileType = wrapper.application; includeInIndex = 0; path = AlertProject.app; sourceTree = BUILT_PRODUCTS_DIR; };
		CAEF676F22E835BC003901A6 /* AppDelegate.swift */ = {isa = PBXFileReference; lastKnownFileType = sourcecode.swift; path = AppDelegate.swift; sourceTree = "<group>"; };
		CAEF677122E835BC003901A6 /* ViewController.swift */ = {isa = PBXFileReference; lastKnownFileType = sourcecode.swift; path = ViewController.swift; sourceTree = "<group>"; };
		CAEF677422E835BC003901A6 /* Base */ = {isa = PBXFileReference; lastKnownFileType = file.storyboard; name = Base; path = Base.lproj/Main.storyboard; sourceTree = "<group>"; };
		CAEF677622E835BD003901A6 /* Assets.xcassets */ = {isa = PBXFileReference; lastKnownFileType = folder.assetcatalog; path = Assets.xcassets; sourceTree = "<group>"; };
		CAEF677922E835BD003901A6 /* Base */ = {isa = PBXFileReference; lastKnownFileType = file.storyboard; name = Base; path = Base.lproj/LaunchScreen.storyboard; sourceTree = "<group>"; };
		CAEF677B22E835BD003901A6 /* Info.plist */ = {isa = PBXFileReference; lastKnownFileType = text.plist.xml; path = Info.plist; sourceTree = "<group>"; };
		CAEF678022E835BD003901A6 /* AlertProjectTests.xctest */ = {isa = PBXFileReference; explicitFileType = wrapper.cfbundle; includeInIndex = 0; path = AlertProjectTests.xctest; sourceTree = BUILT_PRODUCTS_DIR; };
		CAEF678422E835BD003901A6 /* AlertProjectTests.swift */ = {isa = PBXFileReference; lastKnownFileType = sourcecode.swift; path = AlertProjectTests.swift; sourceTree = "<group>"; };
		CAEF678622E835BD003901A6 /* Info.plist */ = {isa = PBXFileReference; lastKnownFileType = text.plist.xml; path = Info.plist; sourceTree = "<group>"; };
		CAEF678B22E835BD003901A6 /* AlertProjectUITests.xctest */ = {isa = PBXFileReference; explicitFileType = wrapper.cfbundle; includeInIndex = 0; path = AlertProjectUITests.xctest; sourceTree = BUILT_PRODUCTS_DIR; };
		CAEF678F22E835BD003901A6 /* AlertProjectUITests.swift */ = {isa = PBXFileReference; lastKnownFileType = sourcecode.swift; path = AlertProjectUITests.swift; sourceTree = "<group>"; };
		CAEF679122E835BD003901A6 /* Info.plist */ = {isa = PBXFileReference; lastKnownFileType = text.plist.xml; path = Info.plist; sourceTree = "<group>"; };
/* End PBXFileReference section */

/* Begin PBXFrameworksBuildPhase section */
		CAEF676922E835BC003901A6 /* Frameworks */ = {
			isa = PBXFrameworksBuildPhase;
			buildActionMask = 2147483647;
			files = (
			);
			runOnlyForDeploymentPostprocessing = 0;
		};
		CAEF677D22E835BD003901A6 /* Frameworks */ = {
			isa = PBXFrameworksBuildPhase;
			buildActionMask = 2147483647;
			files = (
			);
			runOnlyForDeploymentPostprocessing = 0;
		};
		CAEF678822E835BD003901A6 /* Frameworks */ = {
			isa = PBXFrameworksBuildPhase;
			buildActionMask = 2147483647;
			files = (
			);
			runOnlyForDeploymentPostprocessing = 0;
		};
/* End PBXFrameworksBuildPhase section */

/* Begin PBXGroup section */
		CAEF676322E835BC003901A6 = {
			isa = PBXGroup;
			children = (
				CAEF676E22E835BC003901A6 /* AlertProject */,
				CAEF678322E835BD003901A6 /* AlertProjectTests */,
				CAEF678E22E835BD003901A6 /* AlertProjectUITests */,
				CAEF676D22E835BC003901A6 /* Products */,
			);
			sourceTree = "<group>";
		};
		CAEF676D22E835BC003901A6 /* Products */ = {
			isa = PBXGroup;
			children = (
				CAEF676C22E835BC003901A6 /* AlertProject.app */,
				CAEF678022E835BD003901A6 /* AlertProjectTests.xctest */,
				CAEF678B22E835BD003901A6 /* AlertProjectUITests.xctest */,
			);
			name = Products;
			sourceTree = "<group>";
		};
		CAEF676E22E835BC003901A6 /* AlertProject */ = {
			isa = PBXGroup;
			children = (
				CAEF676F22E835BC003901A6 /* AppDelegate.swift */,
				CAEF677122E835BC003901A6 /* ViewController.swift */,
				CAEF677322E835BC003901A6 /* Main.storyboard */,
				CAEF677622E835BD003901A6 /* Assets.xcassets */,
				CAEF677822E835BD003901A6 /* LaunchScreen.storyboard */,
				CAEF677B22E835BD003901A6 /* Info.plist */,
			);
			path = AlertProject;
			sourceTree = "<group>";
		};
		CAEF678322E835BD003901A6 /* AlertProjectTests */ = {
			isa = PBXGroup;
			children = (
				CAEF678422E835BD003901A6 /* AlertProjectTests.swift */,
				CAEF678622E835BD003901A6 /* Info.plist */,
			);
			path = AlertProjectTests;
			sourceTree = "<group>";
		};
		CAEF678E22E835BD003901A6 /* AlertProjectUITests */ = {
			isa = PBXGroup;
			children = (
				CAEF678F22E835BD003901A6 /* AlertProjectUITests.swift */,
				CAEF679122E835BD003901A6 /* Info.plist */,
			);
			path = AlertProjectUITests;
			sourceTree = "<group>";
		};
/* End PBXGroup section */

/* Begin PBXNativeTarget section */
		CAEF676B22E835BC003901A6 /* AlertProject */ = {
			isa = PBXNativeTarget;
			buildConfigurationList = CAEF679422E835BD003901A6 /* Build configuration list for PBXNativeTarget "AlertProject" */;
			buildPhases = (
				CAEF676822E835BC003901A6 /* Sources */,
				CAEF676922E835BC003901A6 /* Frameworks */,
				CAEF676A22E835BC003901A6 /* Resources */,
			);
			buildRules = (
			);
			dependencies = (
			);
			name = AlertProject;
			productName = AlertProject;
			productReference = CAEF676C22E835BC003901A6 /* AlertProject.app */;
			productType = "com.apple.product-type.application";
		};
		CAEF677F22E835BD003901A6 /* AlertProjectTests */ = {
			isa = PBXNativeTarget;
			buildConfigurationList = CAEF679722E835BD003901A6 /* Build configuration list for PBXNativeTarget "AlertProjectTests" */;
			buildPhases = (
				CAEF677C22E835BD003901A6 /* Sources */,
				CAEF677D22E835BD003901A6 /* Frameworks */,
				CAEF677E22E835BD003901A6 /* Resources */,
			);
			buildRules = (
			);
			dependencies = (
				CAEF678222E835BD003901A6 /* PBXTargetDependency */,
			);
			name = AlertProjectTests;
			productName = AlertProjectTests;
			productReference = CAEF678022E835BD003901A6 /* AlertProjectTests.xctest */;
			productType = "com.apple.product-type.bundle.unit-test";
		};
		CAEF678A22E835BD003901A6 /* AlertProjectUITests */ = {
			isa = PBXNativeTarget;
			buildConfigurationList = CAEF679A22E835BD003901A6 /* Build configuration list for PBXNativeTarget "AlertProjectUITests" */;
			buildPhases = (
				CAEF678722E835BD003901A6 /* Sources */,
				CAEF678822E835BD003901A6 /* Frameworks */,
				CAEF678922E835BD003901A6 /* Resources */,
			);
			buildRules = (
			);
			dependencies = (
				CAEF678D22E835BD003901A6 /* PBXTargetDependency */,
			);
			name = AlertProjectUITests;
			productName = AlertProjectUITests;
			productReference = CAEF678B22E835BD003901A6 /* AlertProjectUITests.xctest */;
			productType = "com.apple.product-type.bundle.ui-testing";
		};
/* End PBXNativeTarget section */

/* Begin PBXProject section */
		CAEF676422E835BC003901A6 /* Project object */ = {
			isa = PBXProject;
			attributes = {
				LastSwiftUpdateCheck = 1020;
				LastUpgradeCheck = 1020;
				ORGANIZATIONNAME = Yakup;
				TargetAttributes = {
					CAEF676B22E835BC003901A6 = {
						CreatedOnToolsVersion = 10.2.1;
					};
					CAEF677F22E835BD003901A6 = {
						CreatedOnToolsVersion = 10.2.1;
						TestTargetID = CAEF676B22E835BC003901A6;
					};
					CAEF678A22E835BD003901A6 = {
						CreatedOnToolsVersion = 10.2.1;
						TestTargetID = CAEF676B22E835BC003901A6;
					};
				};
			};
			buildConfigurationList = CAEF676722E835BC003901A6 /* Build configuration list for PBXProject "AlertProject" */;
			compatibilityVersion = "Xcode 9.3";
			developmentRegion = en;
			hasScannedForEncodings = 0;
			knownRegions = (
				en,
				Base,
			);
			mainGroup = CAEF676322E835BC003901A6;
			productRefGroup = CAEF676D22E835BC003901A6 /* Products */;
			projectDirPath = "";
			projectRoot = "";
			targets = (
				CAEF676B22E835BC003901A6 /* AlertProject */,
				CAEF677F22E835BD003901A6 /* AlertProjectTests */,
				CAEF678A22E835BD003901A6 /* AlertProjectUITests */,
			);
		};
/* End PBXProject section */

/* Begin PBXResourcesBuildPhase section */
		CAEF676A22E835BC003901A6 /* Resources */ = {
			isa = PBXResourcesBuildPhase;
			buildActionMask = 2147483647;
			files = (
				CAEF677A22E835BD003901A6 /* LaunchScreen.storyboard in Resources */,
				CAEF677722E835BD003901A6 /* Assets.xcassets in Resources */,
				CAEF677522E835BC003901A6 /* Main.storyboard in Resources */,
			);
			runOnlyForDeploymentPostprocessing = 0;
		};
		CAEF677E22E835BD003901A6 /* Resources */ = {
			isa = PBXResourcesBuildPhase;
			buildActionMask = 2147483647;
			files = (
			);
			runOnlyForDeploymentPostprocessing = 0;
		};
		CAEF678922E835BD003901A6 /* Resources */ = {
			isa = PBXResourcesBuildPhase;
			buildActionMask = 2147483647;
			files = (
			);
			runOnlyForDeploymentPostprocessing = 0;
		};
/* End PBXResourcesBuildPhase section */

/* Begin PBXSourcesBuildPhase section */
		CAEF676822E835BC003901A6 /* Sources */ = {
			isa = PBXSourcesBuildPhase;
			buildActionMask = 2147483647;
			files = (
				CAEF677222E835BC003901A6 /* ViewController.swift in Sources */,
				CAEF677022E835BC003901A6 /* AppDelegate.swift in Sources */,
			);
			runOnlyForDeploymentPostprocessing = 0;
		};
		CAEF677C22E835BD003901A6 /* Sources */ = {
			isa = PBXSourcesBuildPhase;
			buildActionMask = 2147483647;
			files = (
				CAEF678522E835BD003901A6 /* AlertProjectTests.swift in Sources */,
			);
			runOnlyForDeploymentPostprocessing = 0;
		};
		CAEF678722E835BD003901A6 /* Sources */ = {
			isa = PBXSourcesBuildPhase;
			buildActionMask = 2147483647;
			files = (
				CAEF679022E835BD003901A6 /* AlertProjectUITests.swift in Sources */,
			);
			runOnlyForDeploymentPostprocessing = 0;
		};
/* End PBXSourcesBuildPhase section */

/* Begin PBXTargetDependency section */
		CAEF678222E835BD003901A6 /* PBXTargetDependency */ = {
			isa = PBXTargetDependency;
			target = CAEF676B22E835BC003901A6 /* AlertProject */;
			targetProxy = CAEF678122E835BD003901A6 /* PBXContainerItemProxy */;
		};
		CAEF678D22E835BD003901A6 /* PBXTargetDependency */ = {
			isa = PBXTargetDependency;
			target = CAEF676B22E835BC003901A6 /* AlertProject */;
			targetProxy = CAEF678C22E835BD003901A6 /* PBXContainerItemProxy */;
		};
/* End PBXTargetDependency section */

/* Begin PBXVariantGroup section */
		CAEF677322E835BC003901A6 /* Main.storyboard */ = {
			isa = PBXVariantGroup;
			children = (
				CAEF677422E835BC003901A6 /* Base */,
			);
			name = Main.storyboard;
			sourceTree = "<group>";
		};
		CAEF677822E835BD003901A6 /* LaunchScreen.storyboard */ = {
			isa = PBXVariantGroup;
			children = (
				CAEF677922E835BD003901A6 /* Base */,
			);
			name = LaunchScreen.storyboard;
			sourceTree = "<group>";
		};
/* End PBXVariantGroup section */

/* Begin XCBuildConfiguration section */
		CAEF679222E835BD003901A6 /* Debug */ = {
			isa = XCBuildConfiguration;
			buildSettings = {
				ALWAYS_SEARCH_USER_PATHS = NO;
				CLANG_ANALYZER_NONNULL = YES;
				CLANG_ANALYZER_NUMBER_OBJECT_CONVERSION = YES_AGGRESSIVE;
				CLANG_CXX_LANGUAGE_STANDARD = "gnu++14";
				CLANG_CXX_LIBRARY = "libc++";
				CLANG_ENABLE_MODULES = YES;
				CLANG_ENABLE_OBJC_ARC = YES;
				CLANG_ENABLE_OBJC_WEAK = YES;
				CLANG_WARN_BLOCK_CAPTURE_AUTORELEASING = YES;
				CLANG_WARN_BOOL_CONVERSION = YES;
				CLANG_WARN_COMMA = YES;
				CLANG_WARN_CONSTANT_CONVERSION = YES;
				CLANG_WARN_DEPRECATED_OBJC_IMPLEMENTATIONS = YES;
				CLANG_WARN_DIRECT_OBJC_ISA_USAGE = YES_ERROR;
				CLANG_WARN_DOCUMENTATION_COMMENTS = YES;
				CLANG_WARN_EMPTY_BODY = YES;
				CLANG_WARN_ENUM_CONVERSION = YES;
				CLANG_WARN_INFINITE_RECURSION = YES;
				CLANG_WARN_INT_CONVERSION = YES;
				CLANG_WARN_NON_LITERAL_NULL_CONVERSION = YES;
				CLANG_WARN_OBJC_IMPLICIT_RETAIN_SELF = YES;
				CLANG_WARN_OBJC_LITERAL_CONVERSION = YES;
				CLANG_WARN_OBJC_ROOT_CLASS = YES_ERROR;
				CLANG_WARN_RANGE_LOOP_ANALYSIS = YES;
				CLANG_WARN_STRICT_PROTOTYPES = YES;
				CLANG_WARN_SUSPICIOUS_MOVE = YES;
				CLANG_WARN_UNGUARDED_AVAILABILITY = YES_AGGRESSIVE;
				CLANG_WARN_UNREACHABLE_CODE = YES;
				CLANG_WARN__DUPLICATE_METHOD_MATCH = YES;
				CODE_SIGN_IDENTITY = "iPhone Developer";
				COPY_PHASE_STRIP = NO;
				DEBUG_INFORMATION_FORMAT = dwarf;
				ENABLE_STRICT_OBJC_MSGSEND = YES;
				ENABLE_TESTABILITY = YES;
				GCC_C_LANGUAGE_STANDARD = gnu11;
				GCC_DYNAMIC_NO_PIC = NO;
				GCC_NO_COMMON_BLOCKS = YES;
				GCC_OPTIMIZATION_LEVEL = 0;
				GCC_PREPROCESSOR_DEFINITIONS = (
					"DEBUG=1",
					"$(inherited)",
				);
				GCC_WARN_64_TO_32_BIT_CONVERSION = YES;
				GCC_WARN_ABOUT_RETURN_TYPE = YES_ERROR;
				GCC_WARN_UNDECLARED_SELECTOR = YES;
				GCC_WARN_UNINITIALIZED_AUTOS = YES_AGGRESSIVE;
				GCC_WARN_UNUSED_FUNCTION = YES;
				GCC_WARN_UNUSED_VARIABLE = YES;
				IPHONEOS_DEPLOYMENT_TARGET = 12.2;
				MTL_ENABLE_DEBUG_INFO = INCLUDE_SOURCE;
				MTL_FAST_MATH = YES;
				ONLY_ACTIVE_ARCH = YES;
				SDKROOT = iphoneos;
				SWIFT_ACTIVE_COMPILATION_CONDITIONS = DEBUG;
				SWIFT_OPTIMIZATION_LEVEL = "-Onone";
			};
			name = Debug;
		};
		CAEF679322E835BD003901A6 /* Release */ = {
			isa = XCBuildConfiguration;
			buildSettings = {
				ALWAYS_SEARCH_USER_PATHS = NO;
				CLANG_ANALYZER_NONNULL = YES;
				CLANG_ANALYZER_NUMBER_OBJECT_CONVERSION = YES_AGGRESSIVE;
				CLANG_CXX_LANGUAGE_STANDARD = "gnu++14";
				CLANG_CXX_LIBRARY = "libc++";
				CLANG_ENABLE_MODULES = YES;
				CLANG_ENABLE_OBJC_ARC = YES;
				CLANG_ENABLE_OBJC_WEAK = YES;
				CLANG_WARN_BLOCK_CAPTURE_AUTORELEASING = YES;
				CLANG_WARN_BOOL_CONVERSION = YES;
				CLANG_WARN_COMMA = YES;
				CLANG_WARN_CONSTANT_CONVERSION = YES;
				CLANG_WARN_DEPRECATED_OBJC_IMPLEMENTATIONS = YES;
				CLANG_WARN_DIRECT_OBJC_ISA_USAGE = YES_ERROR;
				CLANG_WARN_DOCUMENTATION_COMMENTS = YES;
				CLANG_WARN_EMPTY_BODY = YES;
				CLANG_WARN_ENUM_CONVERSION = YES;
				CLANG_WARN_INFINITE_RECURSION = YES;
				CLANG_WARN_INT_CONVERSION = YES;
				CLANG_WARN_NON_LITERAL_NULL_CONVERSION = YES;
				CLANG_WARN_OBJC_IMPLICIT_RETAIN_SELF = YES;
				CLANG_WARN_OBJC_LITERAL_CONVERSION = YES;
				CLANG_WARN_OBJC_ROOT_CLASS = YES_ERROR;
				CLANG_WARN_RANGE_LOOP_ANALYSIS = YES;
				CLANG_WARN_STRICT_PROTOTYPES = YES;
				CLANG_WARN_SUSPICIOUS_MOVE = YES;
				CLANG_WARN_UNGUARDED_AVAILABILITY = YES_AGGRESSIVE;
				CLANG_WARN_UNREACHABLE_CODE = YES;
				CLANG_WARN__DUPLICATE_METHOD_MATCH = YES;
				CODE_SIGN_IDENTITY = "iPhone Developer";
				COPY_PHASE_STRIP = NO;
				DEBUG_INFORMATION_FORMAT = "dwarf-with-dsym";
				ENABLE_NS_ASSERTIONS = NO;
				ENABLE_STRICT_OBJC_MSGSEND = YES;
				GCC_C_LANGUAGE_STANDARD = gnu11;
				GCC_NO_COMMON_BLOCKS = YES;
				GCC_WARN_64_TO_32_BIT_CONVERSION = YES;
				GCC_WARN_ABOUT_RETURN_TYPE = YES_ERROR;
				GCC_WARN_UNDECLARED_SELECTOR = YES;
				GCC_WARN_UNINITIALIZED_AUTOS = YES_AGGRESSIVE;
				GCC_WARN_UNUSED_FUNCTION = YES;
				GCC_WARN_UNUSED_VARIABLE = YES;
				IPHONEOS_DEPLOYMENT_TARGET = 12.2;
				MTL_ENABLE_DEBUG_INFO = NO;
				MTL_FAST_MATH = YES;
				SDKROOT = iphoneos;
				SWIFT_COMPILATION_MODE = wholemodule;
				SWIFT_OPTIMIZATION_LEVEL = "-O";
				VALIDATE_PRODUCT = YES;
			};
			name = Release;
		};
		CAEF679522E835BD003901A6 /* Debug */ = {
			isa = XCBuildConfiguration;
			buildSettings = {
				ASSETCATALOG_COMPILER_APPICON_NAME = AppIcon;
				CODE_SIGN_STYLE = Automatic;
				INFOPLIST_FILE = AlertProject/Info.plist;
				LD_RUNPATH_SEARCH_PATHS = (
					"$(inherited)",
					"@executable_path/Frameworks",
				);
				PRODUCT_BUNDLE_IDENTIFIER = tr.AlertProject;
				PRODUCT_NAME = "$(TARGET_NAME)";
				SWIFT_VERSION = 5.0;
				TARGETED_DEVICE_FAMILY = "1,2";
			};
			name = Debug;
		};
		CAEF679622E835BD003901A6 /* Release */ = {
			isa = XCBuildConfiguration;
			buildSettings = {
				ASSETCATALOG_COMPILER_APPICON_NAME = AppIcon;
				CODE_SIGN_STYLE = Automatic;
				INFOPLIST_FILE = AlertProject/Info.plist;
				LD_RUNPATH_SEARCH_PATHS = (
					"$(inherited)",
					"@executable_path/Frameworks",
				);
				PRODUCT_BUNDLE_IDENTIFIER = tr.AlertProject;
				PRODUCT_NAME = "$(TARGET_NAME)";
				SWIFT_VERSION = 5.0;
				TARGETED_DEVICE_FAMILY = "1,2";
			};
			name = Release;
		};
		CAEF679822E835BD003901A6 /* Debug */ = {
			isa = XCBuildConfiguration;
			buildSettings = {
				ALWAYS_EMBED_SWIFT_STANDARD_LIBRARIES = YES;
				BUNDLE_LOADER = "$(TEST_HOST)";
				CODE_SIGN_STYLE = Automatic;
				INFOPLIST_FILE = AlertProjectTests/Info.plist;
				LD_RUNPATH_SEARCH_PATHS = (
					"$(inherited)",
					"@executable_path/Frameworks",
					"@loader_path/Frameworks",
				);
				PRODUCT_BUNDLE_IDENTIFIER = sbm.org.tr.AlertProjectTests;
				PRODUCT_NAME = "$(TARGET_NAME)";
				SWIFT_VERSION = 5.0;
				TARGETED_DEVICE_FAMILY = "1,2";
				TEST_HOST = "$(BUILT_PRODUCTS_DIR)/AlertProject.app/AlertProject";
			};
			name = Debug;
		};
		CAEF679922E835BD003901A6 /* Release */ = {
			isa = XCBuildConfiguration;
			buildSettings = {
				ALWAYS_EMBED_SWIFT_STANDARD_LIBRARIES = YES;
				BUNDLE_LOADER = "$(TEST_HOST)";
				CODE_SIGN_STYLE = Automatic;
				INFOPLIST_FILE = AlertProjectTests/Info.plist;
				LD_RUNPATH_SEARCH_PATHS = (
					"$(inherited)",
					"@executable_path/Frameworks",
					"@loader_path/Frameworks",
				);
				PRODUCT_BUNDLE_IDENTIFIER = sbm.org.tr.AlertProjectTests;
				PRODUCT_NAME = "$(TARGET_NAME)";
				SWIFT_VERSION = 5.0;
				TARGETED_DEVICE_FAMILY = "1,2";
				TEST_HOST = "$(BUILT_PRODUCTS_DIR)/AlertProject.app/AlertProject";
			};
			name = Release;
		};
		CAEF679B22E835BD003901A6 /* Debug */ = {
			isa = XCBuildConfiguration;
			buildSettings = {
				ALWAYS_EMBED_SWIFT_STANDARD_LIBRARIES = YES;
				CODE_SIGN_STYLE = Automatic;
				INFOPLIST_FILE = AlertProjectUITests/Info.plist;
				LD_RUNPATH_SEARCH_PATHS = (
					"$(inherited)",
					"@executable_path/Frameworks",
					"@loader_path/Frameworks",
				);
				PRODUCT_BUNDLE_IDENTIFIER = sbm.org.tr.AlertProjectUITests;
				PRODUCT_NAME = "$(TARGET_NAME)";
				SWIFT_VERSION = 5.0;
				TARGETED_DEVICE_FAMILY = "1,2";
				TEST_TARGET_NAME = AlertProject;
			};
			name = Debug;
		};
		CAEF679C22E835BD003901A6 /* Release */ = {
			isa = XCBuildConfiguration;
			buildSettings = {
				ALWAYS_EMBED_SWIFT_STANDARD_LIBRARIES = YES;
				CODE_SIGN_STYLE = Automatic;
				INFOPLIST_FILE = AlertProjectUITests/Info.plist;
				LD_RUNPATH_SEARCH_PATHS = (
					"$(inherited)",
					"@executable_path/Frameworks",
					"@loader_path/Frameworks",
				);
				PRODUCT_BUNDLE_IDENTIFIER = sbm.org.tr.AlertProjectUITests;
				PRODUCT_NAME = "$(TARGET_NAME)";
				SWIFT_VERSION = 5.0;
				TARGETED_DEVICE_FAMILY = "1,2";
				TEST_TARGET_NAME = AlertProject;
			};
			name = Release;
		};
/* End XCBuildConfiguration section */

/* Begin XCConfigurationList section */
		CAEF676722E835BC003901A6 /* Build configuration list for PBXProject "AlertProject" */ = {
			isa = XCConfigurationList;
			buildConfigurations = (
				CAEF679222E835BD003901A6 /* Debug */,
				CAEF679322E835BD003901A6 /* Release */,
			);
			defaultConfigurationIsVisible = 0;
			defaultConfigurationName = Release;
		};
		CAEF679422E835BD003901A6 /* Build configuration list for PBXNativeTarget "AlertProject" */ = {
			isa = XCConfigurationList;
			buildConfigurations = (
				CAEF679522E835BD003901A6 /* Debug */,
				CAEF679622E835BD003901A6 /* Release */,
			);
			defaultConfigurationIsVisible = 0;
			defaultConfigurationName = Release;
		};
		CAEF679722E835BD003901A6 /* Build configuration list for PBXNativeTarget "AlertProjectTests" */ = {
			isa = XCConfigurationList;
			buildConfigurations = (
				CAEF679822E835BD003901A6 /* Debug */,
				CAEF679922E835BD003901A6 /* Release */,
			);
			defaultConfigurationIsVisible = 0;
			defaultConfigurationName = Release;
		};
		CAEF679A22E835BD003901A6 /* Build configuration list for PBXNativeTarget "AlertProjectUITests" */ = {
			isa = XCConfigurationList;
			buildConfigurations = (
				CAEF679B22E835BD003901A6 /* Debug */,
				CAEF679C22E835BD003901A6 /* Release */,
			);
			defaultConfigurationIsVisible = 0;
			defaultConfigurationName = Release;
		};
/* End XCConfigurationList section */
	};
	rootObject = CAEF676422E835BC003901A6 /* Project object */;
}
